
Microsoft Visual Studio Solution File, Format Version 12.00
# Visual Studio Version 16
VisualStudioVersion = 16.0.30907.101
MinimumVisualStudioVersion = 10.0.40219.1
Project("{FAE04EC0-301F-11D3-BF4B-00C04F79EFBC}") = "ProcedureUpdater-VH", "ProcedureUpdater-VH\ProcedureUpdater-VH.csproj", "{9030D839-66DC-49B3-A52D-CC571B4FD44E}"
EndProject
Global
	GlobalSection(SolutionConfigurationPlatforms) = preSolution
		Debug|Any CPU = Debug|Any CPU
		Release|Any CPU = Release|Any CPU
	EndGlobalSection
	GlobalSection(ProjectConfigurationPlatforms) = postSolution
		{9030D839-66DC-49B3-A52D-CC571B4FD44E}.Debug|Any CPU.ActiveCfg = Debug|Any CPU
		{9030D839-66DC-49B3-A52D-CC571B4FD44E}.Debug|Any CPU.Build.0 = Debug|Any CPU
		{9030D839-66DC-49B3-A52D-CC571B4FD44E}.Release|Any CPU.ActiveCfg = Release|Any CPU
		{9030D839-66DC-49B3-A52D-CC571B4FD44E}.Release|Any CPU.Build.0 = Release|Any CPU
	EndGlobalSection
	GlobalSection(SolutionProperties) = preSolution
		HideSolutionNode = FALSE
	EndGlobalSection
	GlobalSection(ExtensibilityGlobals) = postSolution
		SolutionGuid = {954B1DE9-2203-419E-A601-ECC929CAE5EF}
	EndGlobalSection
EndGlobal
